lockfileVersion: '9.0'

settings:
  autoInstallPeers: true
  excludeLinksFromLockfile: false

importers:

  .:
    devDependencies:
      typescript:
        specifier: ^5.8.3
        version: 5.9.3

  apps/api:
    dependencies:
      '@fundz/core':
        specifier: workspace:*
        version: link:../../packages/core
      '@fundz/db':
        specifier: workspace:*
        version: link:../../packages/db
      '@fundz/shared':
        specifier: workspace:*
        version: link:../../packages/shared
    devDependencies:
      typescript:
        specifier: ^5.8.3
        version: 5.9.3

  apps/mcp:
    dependencies:
      '@fundz/core':
        specifier: workspace:*
        version: link:../../packages/core
      '@fundz/shared':
        specifier: workspace:*
        version: link:../../packages/shared
    devDependencies:
      typescript:
        specifier: ^5.8.3
        version: 5.9.3

  apps/web:
    dependencies:
      '@fundz/shared':
        specifier: workspace:*
        version: link:../../packages/shared
    devDependencies:
      typescript:
        specifier: ^5.8.3
        version: 5.9.3

  packages/adapters/uniswap:
    dependencies:
      '@fundz/shared':
        specifier: workspace:*
        version: link:../../shared
    devDependencies:
      typescript:
        specifier: ^5.8.3
        version: 5.9.3

  packages/core:
    dependencies:
      '@fundz/db':
        specifier: workspace:*
        version: link:../db
      '@fundz/shared':
        specifier: workspace:*
        version: link:../shared
    devDependencies:
      typescript:
        specifier: ^5.8.3
        version: 5.9.3

  packages/db:
    devDependencies:
      typescript:
        specifier: ^5.8.3
        version: 5.9.3

  packages/safe-kit:
    dependencies:
      '@fundz/shared':
        specifier: workspace:*
        version: link:../shared
    devDependencies:
      typescript:
        specifier: ^5.8.3
        version: 5.9.3

  packages/shared:
    dependencies:
      zod:
        specifier: ^3.24.4
        version: 3.25.76
    devDependencies:
      typescript:
        specifier: ^5.8.3
        version: 5.9.3

packages:

  typescript@5.9.3:
    resolution: {integrity: sha512-jl1vZzPDinLr9eUt3J/t7V6FgNEw9QjvBPdysz9KfQDD41fQrC2Y4vKQdiaUpFT4bXlb1RHhLpp8wtm6M5TgSw==}
    engines: {node: '>=14.17'}
    hasBin: true

  zod@3.25.76:
    resolution: {integrity: sha512-gzUt/qt81nXsFGKIFcC3YnfEAx5NkunCfnDlvuBSSFS02bcXu4Lmea0AFIUwbLWxWPx3d9p8S5QoaujKcNQxcQ==}

snapshots:

  typescript@5.9.3: {}

  zod@3.25.76: {}
